schema: '2.0'
stages:
  data_ingestion:
    cmd: python src/data_ingestion.py
    deps:
    - path: params.yaml
      hash: md5
      md5: de6a208a3512edbc5fe3653fed5323af
      size: 796
    - path: src/data_ingestion.py
      hash: md5
      md5: af3e3af06c66a64b908f3a43911a5fc4
      size: 1759
    outs:
    - path: data/raw
      hash: md5
      md5: 00558ee420bc7279355fa7838ee4b1dc.dir
      size: 14326167
      nfiles: 2
  data_preprocessing:
    cmd: python src/data_preprocessing.py
    deps:
    - path: data/raw
      hash: md5
      md5: 00558ee420bc7279355fa7838ee4b1dc.dir
      size: 14326167
      nfiles: 2
    - path: params.yaml
      hash: md5
      md5: de6a208a3512edbc5fe3653fed5323af
      size: 796
    - path: src/data_preprocessing.py
      hash: md5
      md5: c1307e456eb8e5cba484d2f200890507
      size: 1241
    outs:
    - path: data/processed
      hash: md5
      md5: 6d869e6b02cc4175fb1147271c6cb1b7.dir
      size: 10947694
      nfiles: 1
  feature_engineering:
    cmd: python src/feature_engineering.py
    deps:
    - path: data/processed
      hash: md5
      md5: 6d869e6b02cc4175fb1147271c6cb1b7.dir
      size: 10947694
      nfiles: 1
    - path: params.yaml
      hash: md5
      md5: de6a208a3512edbc5fe3653fed5323af
      size: 796
    - path: src/feature_engineering.py
      hash: md5
      md5: 29850f515c4d88f02ac3bf41293fbda7
      size: 1578
    outs:
    - path: data/features
      hash: md5
      md5: db5d0d6f6774974320554303710a3a1d.dir
      size: 14798208
      nfiles: 1
  model_building:
    cmd: python src/model_building.py
    deps:
    - path: data/features
      hash: md5
      md5: db5d0d6f6774974320554303710a3a1d.dir
      size: 14798208
      nfiles: 1
    - path: params.yaml
      hash: md5
      md5: de6a208a3512edbc5fe3653fed5323af
      size: 796
    - path: src/model_building.py
      hash: md5
      md5: 9346206bdf6c3c9aeb9483101bd05f31
      size: 1778
    outs:
    - path: models/rainfall_random_forest_model.pkl
      hash: md5
      md5: 7eaa0889e78e367949e8fa3ea7d515ec
      size: 5397065
  model_evaluation:
    cmd: python src/model_evaluation.py
    deps:
    - path: data/features/test_features.csv
      hash: md5
      md5: 61711a9bd303b93ffa0d9ecd30beb78a
      size: 3696617
    - path: models/rainfall_random_forest_model.pkl
      hash: md5
      md5: 7eaa0889e78e367949e8fa3ea7d515ec
      size: 5397065
    - path: models/rainfall_xgboost_model.pkl
      hash: md5
      md5: 0ef133711a983e425cd13c5ab37b92dc
      size: 399757
    - path: src/model_evaluation.py
      hash: md5
      md5: fdfef47fd612b45293eeb8d454ee9cd0
      size: 2353
    params:
      params.yaml:
        model_evaluation.model_choice: rainfall_random_forest_model.pkl
    outs:
    - path: reports/evaluation_metrics.csv
      hash: md5
      md5: 7bfe12c5377bd89faa81809a13eae57d
      size: 51
